
Microsoft Visual Studio Solution File, Format Version 12.00
# Visual Studio Version 17
VisualStudioVersion = 17.4.33110.190
MinimumVisualStudioVersion = 10.0.40219.1
Project("{FAE04EC0-301F-11D3-BF4B-00C04F79EFBC}") = "OrderPalletCount", "OrderPalletCount.csproj", "{B840E4DC-8909-4269-B04D-E7EE83626373}"
EndProject
Global
	GlobalSection(SolutionConfigurationPlatforms) = preSolution
		Debug|Any CPU = Debug|Any CPU
		Release|Any CPU = Release|Any CPU
	EndGlobalSection
	GlobalSection(ProjectConfigurationPlatforms) = postSolution
		{B840E4DC-8909-4269-B04D-E7EE83626373}.Debug|Any CPU.ActiveCfg = Debug|Any CPU
		{B840E4DC-8909-4269-B04D-E7EE83626373}.Debug|Any CPU.Build.0 = Debug|Any CPU
		{B840E4DC-8909-4269-B04D-E7EE83626373}.Release|Any CPU.ActiveCfg = Release|Any CPU
		{B840E4DC-8909-4269-B04D-E7EE83626373}.Release|Any CPU.Build.0 = Release|Any CPU
	EndGlobalSection
	GlobalSection(SolutionProperties) = preSolution
		HideSolutionNode = FALSE
	EndGlobalSection
	GlobalSection(ExtensibilityGlobals) = postSolution
		SolutionGuid = {EACF6FEC-A99A-4044-941D-D3BBD79B6565}
	EndGlobalSection
EndGlobal
